
Microsoft Visual Studio Solution File, Format Version 12.00
# Visual Studio Version 17
VisualStudioVersion = 17.4.33110.190
MinimumVisualStudioVersion = 10.0.40219.1
Project("{FAE04EC0-301F-11D3-BF4B-00C04F79EFBC}") = "InternetBrowser", "InternetBrowser\InternetBrowser.csproj", "{F053875D-BCD3-4405-BCE3-028E64A606DB}"
EndProject
Global
	GlobalSection(SolutionConfigurationPlatforms) = preSolution
		Debug|Any CPU = Debug|Any CPU
		Release|Any CPU = Release|Any CPU
	EndGlobalSection
	GlobalSection(ProjectConfigurationPlatforms) = postSolution
		{F053875D-BCD3-4405-BCE3-028E64A606DB}.Debug|Any CPU.ActiveCfg = Debug|Any CPU
		{F053875D-BCD3-4405-BCE3-028E64A606DB}.Debug|Any CPU.Build.0 = Debug|Any CPU
		{F053875D-BCD3-4405-BCE3-028E64A606DB}.Release|Any CPU.ActiveCfg = Release|Any CPU
		{F053875D-BCD3-4405-BCE3-028E64A606DB}.Release|Any CPU.Build.0 = Release|Any CPU
	EndGlobalSection
	GlobalSection(SolutionProperties) = preSolution
		HideSolutionNode = FALSE
	EndGlobalSection
	GlobalSection(ExtensibilityGlobals) = postSolution
		SolutionGuid = {CF459C05-F134-47FC-B5BF-E7BA17D73F7A}
	EndGlobalSection
EndGlobal
